
Microsoft Visual Studio Solution File, Format Version 12.00
# Visual Studio Version 16
VisualStudioVersion = 16.0.30320.27
MinimumVisualStudioVersion = 10.0.40219.1
Project("{FAE04EC0-301F-11D3-BF4B-00C04F79EFBC}") = "eDnevnik", "eDnevnik.csproj", "{839A51BB-F056-4F40-96CC-950812AC11DA}"
EndProject
Global
	GlobalSection(SolutionConfigurationPlatforms) = preSolution
		Debug|Any CPU = Debug|Any CPU
		Release|Any CPU = Release|Any CPU
	EndGlobalSection
	GlobalSection(ProjectConfigurationPlatforms) = postSolution
		{839A51BB-F056-4F40-96CC-950812AC11DA}.Debug|Any CPU.ActiveCfg = Debug|Any CPU
		{839A51BB-F056-4F40-96CC-950812AC11DA}.Debug|Any CPU.Build.0 = Debug|Any CPU
		{839A51BB-F056-4F40-96CC-950812AC11DA}.Release|Any CPU.ActiveCfg = Release|Any CPU
		{839A51BB-F056-4F40-96CC-950812AC11DA}.Release|Any CPU.Build.0 = Release|Any CPU
	EndGlobalSection
	GlobalSection(SolutionProperties) = preSolution
		HideSolutionNode = FALSE
	EndGlobalSection
	GlobalSection(ExtensibilityGlobals) = postSolution
		SolutionGuid = {B8AC3626-BC3D-4419-96CE-496F5E78DE63}
	EndGlobalSection
EndGlobal
